
Microsoft Visual Studio Solution File, Format Version 12.00
# Visual Studio Version 18
VisualStudioVersion = 18.4.11612.150
MinimumVisualStudioVersion = 10.0.40219.1
Project("{FAE04EC0-301F-11D3-BF4B-00C04F79EFBC}") = "IssaPlugin", "IssaPlugin.csproj", "{46045974-F05B-3B81-0D9A-598ECF6BBC95}"
EndProject
Project("{FAE04EC0-301F-11D3-BF4B-00C04F79EFBC}") = "IssaPlugin.Tests", "IssaPlugin.Tests\IssaPlugin.Tests.csproj", "{9F175EF9-7DA6-4540-ADB8-A64701E3EAAF}"
EndProject
Global
	GlobalSection(SolutionConfigurationPlatforms) = preSolution
		Debug|Any CPU = Debug|Any CPU
		Debug|x64 = Debug|x64
		Debug|x86 = Debug|x86
		Release|Any CPU = Release|Any CPU
		Release|x64 = Release|x64
		Release|x86 = Release|x86
	EndGlobalSection
	GlobalSection(ProjectConfigurationPlatforms) = postSolution
		{46045974-F05B-3B81-0D9A-598ECF6BBC95}.Debug|Any CPU.ActiveCfg = Debug|Any CPU
		{46045974-F05B-3B81-0D9A-598ECF6BBC95}.Debug|Any CPU.Build.0 = Debug|Any CPU
		{46045974-F05B-3B81-0D9A-598ECF6BBC95}.Debug|x64.ActiveCfg = Debug|Any CPU
		{46045974-F05B-3B81-0D9A-598ECF6BBC95}.Debug|x64.Build.0 = Debug|Any CPU
		{46045974-F05B-3B81-0D9A-598ECF6BBC95}.Debug|x86.ActiveCfg = Debug|Any CPU
		{46045974-F05B-3B81-0D9A-598ECF6BBC95}.Debug|x86.Build.0 = Debug|Any CPU
		{46045974-F05B-3B81-0D9A-598ECF6BBC95}.Release|Any CPU.ActiveCfg = Release|Any CPU
		{46045974-F05B-3B81-0D9A-598ECF6BBC95}.Release|Any CPU.Build.0 = Release|Any CPU
		{46045974-F05B-3B81-0D9A-598ECF6BBC95}.Release|x64.ActiveCfg = Release|Any CPU
		{46045974-F05B-3B81-0D9A-598ECF6BBC95}.Release|x64.Build.0 = Release|Any CPU
		{46045974-F05B-3B81-0D9A-598ECF6BBC95}.Release|x86.ActiveCfg = Release|Any CPU
		{46045974-F05B-3B81-0D9A-598ECF6BBC95}.Release|x86.Build.0 = Release|Any CPU
		{9F175EF9-7DA6-4540-ADB8-A64701E3EAAF}.Debug|Any CPU.ActiveCfg = Debug|Any CPU
		{9F175EF9-7DA6-4540-ADB8-A64701E3EAAF}.Debug|Any CPU.Build.0 = Debug|Any CPU
		{9F175EF9-7DA6-4540-ADB8-A64701E3EAAF}.Debug|x64.ActiveCfg = Debug|Any CPU
		{9F175EF9-7DA6-4540-ADB8-A64701E3EAAF}.Debug|x64.Build.0 = Debug|Any CPU
		{9F175EF9-7DA6-4540-ADB8-A64701E3EAAF}.Debug|x86.ActiveCfg = Debug|Any CPU
		{9F175EF9-7DA6-4540-ADB8-A64701E3EAAF}.Debug|x86.Build.0 = Debug|Any CPU
		{9F175EF9-7DA6-4540-ADB8-A64701E3EAAF}.Release|Any CPU.ActiveCfg = Release|Any CPU
		{9F175EF9-7DA6-4540-ADB8-A64701E3EAAF}.Release|Any CPU.Build.0 = Release|Any CPU
		{9F175EF9-7DA6-4540-ADB8-A64701E3EAAF}.Release|x64.ActiveCfg = Release|Any CPU
		{9F175EF9-7DA6-4540-ADB8-A64701E3EAAF}.Release|x64.Build.0 = Release|Any CPU
		{9F175EF9-7DA6-4540-ADB8-A64701E3EAAF}.Release|x86.ActiveCfg = Release|Any CPU
		{9F175EF9-7DA6-4540-ADB8-A64701E3EAAF}.Release|x86.Build.0 = Release|Any CPU
	EndGlobalSection
	GlobalSection(SolutionProperties) = preSolution
		HideSolutionNode = FALSE
	EndGlobalSection
	GlobalSection(ExtensibilityGlobals) = postSolution
		SolutionGuid = {8FB22FCE-C2F1-4815-9036-E3D0A2344174}
	EndGlobalSection
EndGlobal
